// !$*UTF8*$!
{
	archiveVersion = 1;
	classes = {
	};
	objectVersion = 56;
	objects = {

/* Begin PBXBuildFile section */
		334E43EA2BE12853000C27F9 /* RickAndMortyApp.swift in Sources */ = {isa = PBXBuildFile; fileRef = 334E43E92BE12853000C27F9 /* RickAndMortyApp.swift */; };
		334E43EE2BE12854000C27F9 /* Assets.xcassets in Resources */ = {isa = PBXBuildFile; fileRef = 334E43ED2BE12854000C27F9 /* Assets.xcassets */; };
		334E43F12BE12854000C27F9 /* Preview Assets.xcassets in Resources */ = {isa = PBXBuildFile; fileRef = 334E43F02BE12854000C27F9 /* Preview Assets.xcassets */; };
		334E44112BE132A5000C27F9 /* RaMCharacter.swift in Sources */ = {isa = PBXBuildFile; fileRef = 334E440D2BE132A5000C27F9 /* RaMCharacter.swift */; };
		334E441D2BE134C8000C27F9 /* NetworkService.swift in Sources */ = {isa = PBXBuildFile; fileRef = 334E441C2BE134C8000C27F9 /* NetworkService.swift */; };
		334E441F2BE13A8A000C27F9 /* CharactersList.swift in Sources */ = {isa = PBXBuildFile; fileRef = 334E441E2BE13A8A000C27F9 /* CharactersList.swift */; };
		334E44232BE13AB3000C27F9 /* CharactersListViewModel.swift in Sources */ = {isa = PBXBuildFile; fileRef = 334E44222BE13AB3000C27F9 /* CharactersListViewModel.swift */; };
		334E44282BE28400000C27F9 /* CharacterDetailView.swift in Sources */ = {isa = PBXBuildFile; fileRef = 334E44272BE28400000C27F9 /* CharacterDetailView.swift */; };
		334E44342BE2A1C0000C27F9 /* Nuke in Frameworks */ = {isa = PBXBuildFile; productRef = 334E44332BE2A1C0000C27F9 /* Nuke */; };
		334E44362BE2A1C0000C27F9 /* NukeUI in Frameworks */ = {isa = PBXBuildFile; productRef = 334E44352BE2A1C0000C27F9 /* NukeUI */; };
		334E443B2BE2A27C000C27F9 /* RealmSwift in Frameworks */ = {isa = PBXBuildFile; productRef = 334E443A2BE2A27C000C27F9 /* RealmSwift */; };
		33C7C3002BE39685005B1A9C /* ListItemView.swift in Sources */ = {isa = PBXBuildFile; fileRef = 33C7C2FF2BE39685005B1A9C /* ListItemView.swift */; };
		33C7C3022BE3BD6D005B1A9C /* Notes.md in Resources */ = {isa = PBXBuildFile; fileRef = 33C7C3012BE3BD6D005B1A9C /* Notes.md */; };
/* End PBXBuildFile section */

/* Begin PBXCopyFilesBuildPhase section */
		334E44302BE29E6C000C27F9 /* Embed Frameworks */ = {
			isa = PBXCopyFilesBuildPhase;
			buildActionMask = 2147483647;
			dstPath = "";
			dstSubfolderSpec = 10;
			files = (
			);
			name = "Embed Frameworks";
			runOnlyForDeploymentPostprocessing = 0;
		};
/* End PBXCopyFilesBuildPhase section */

/* Begin PBXFileReference section */
		334E43E62BE12853000C27F9 /* RickAndMorty.app */ = {isa = PBXFileReference; explicitFileType = wrapper.application; includeInIndex = 0; path = RickAndMorty.app; sourceTree = BUILT_PRODUCTS_DIR; };
		334E43E92BE12853000C27F9 /* RickAndMortyApp.swift */ = {isa = PBXFileReference; lastKnownFileType = sourcecode.swift; path = RickAndMortyApp.swift; sourceTree = "<group>"; };
		334E43ED2BE12854000C27F9 /* Assets.xcassets */ = {isa = PBXFileReference; lastKnownFileType = folder.assetcatalog; path = Assets.xcassets; sourceTree = "<group>"; };
		334E43F02BE12854000C27F9 /* Preview Assets.xcassets */ = {isa = PBXFileReference; lastKnownFileType = folder.assetcatalog; path = "Preview Assets.xcassets"; sourceTree = "<group>"; };
		334E440D2BE132A5000C27F9 /* RaMCharacter.swift */ = {isa = PBXFileReference; fileEncoding = 4; lastKnownFileType = sourcecode.swift; path = RaMCharacter.swift; sourceTree = "<group>"; };
		334E441C2BE134C8000C27F9 /* NetworkService.swift */ = {isa = PBXFileReference; lastKnownFileType = sourcecode.swift; path = NetworkService.swift; sourceTree = "<group>"; };
		334E441E2BE13A8A000C27F9 /* CharactersList.swift */ = {isa = PBXFileReference; lastKnownFileType = sourcecode.swift; path = CharactersList.swift; sourceTree = "<group>"; };
		334E44222BE13AB3000C27F9 /* CharactersListViewModel.swift */ = {isa = PBXFileReference; lastKnownFileType = sourcecode.swift; path = CharactersListViewModel.swift; sourceTree = "<group>"; };
		334E44272BE28400000C27F9 /* CharacterDetailView.swift */ = {isa = PBXFileReference; lastKnownFileType = sourcecode.swift; path = CharacterDetailView.swift; sourceTree = "<group>"; };
		33C7C2FF2BE39685005B1A9C /* ListItemView.swift */ = {isa = PBXFileReference; lastKnownFileType = sourcecode.swift; path = ListItemView.swift; sourceTree = "<group>"; };
		33C7C3012BE3BD6D005B1A9C /* Notes.md */ = {isa = PBXFileReference; lastKnownFileType = net.daringfireball.markdown; path = Notes.md; sourceTree = "<group>"; };
/* End PBXFileReference section */

/* Begin PBXFrameworksBuildPhase section */
		334E43E32BE12853000C27F9 /* Frameworks */ = {
			isa = PBXFrameworksBuildPhase;
			buildActionMask = 2147483647;
			files = (
				334E443B2BE2A27C000C27F9 /* RealmSwift in Frameworks */,
				334E44342BE2A1C0000C27F9 /* Nuke in Frameworks */,
				334E44362BE2A1C0000C27F9 /* NukeUI in Frameworks */,
			);
			runOnlyForDeploymentPostprocessing = 0;
		};
/* End PBXFrameworksBuildPhase section */

/* Begin PBXGroup section */
		334E43DD2BE12853000C27F9 = {
			isa = PBXGroup;
			children = (
				334E43E82BE12853000C27F9 /* RickAndMorty */,
				334E43E72BE12853000C27F9 /* Products */,
			);
			sourceTree = "<group>";
		};
		334E43E72BE12853000C27F9 /* Products */ = {
			isa = PBXGroup;
			children = (
				334E43E62BE12853000C27F9 /* RickAndMorty.app */,
			);
			name = Products;
			sourceTree = "<group>";
		};
		334E43E82BE12853000C27F9 /* RickAndMorty */ = {
			isa = PBXGroup;
			children = (
				334E44262BE283DA000C27F9 /* Views */,
				334E43E92BE12853000C27F9 /* RickAndMortyApp.swift */,
				334E43ED2BE12854000C27F9 /* Assets.xcassets */,
				334E44102BE132A5000C27F9 /* Models */,
				334E441B2BE134B5000C27F9 /* Network */,
				334E43EF2BE12854000C27F9 /* Preview Content */,
				334E44212BE13A99000C27F9 /* ViewModel */,
				33C7C3012BE3BD6D005B1A9C /* Notes.md */,
			);
			path = RickAndMorty;
			sourceTree = "<group>";
		};
		334E43EF2BE12854000C27F9 /* Preview Content */ = {
			isa = PBXGroup;
			children = (
				334E43F02BE12854000C27F9 /* Preview Assets.xcassets */,
			);
			path = "Preview Content";
			sourceTree = "<group>";
		};
		334E44102BE132A5000C27F9 /* Models */ = {
			isa = PBXGroup;
			children = (
				334E440D2BE132A5000C27F9 /* RaMCharacter.swift */,
			);
			path = Models;
			sourceTree = "<group>";
		};
		334E441B2BE134B5000C27F9 /* Network */ = {
			isa = PBXGroup;
			children = (
				334E441C2BE134C8000C27F9 /* NetworkService.swift */,
			);
			path = Network;
			sourceTree = "<group>";
		};
		334E44212BE13A99000C27F9 /* ViewModel */ = {
			isa = PBXGroup;
			children = (
				334E44222BE13AB3000C27F9 /* CharactersListViewModel.swift */,
			);
			path = ViewModel;
			sourceTree = "<group>";
		};
		334E44262BE283DA000C27F9 /* Views */ = {
			isa = PBXGroup;
			children = (
				334E441E2BE13A8A000C27F9 /* CharactersList.swift */,
				334E44272BE28400000C27F9 /* CharacterDetailView.swift */,
				33C7C2FF2BE39685005B1A9C /* ListItemView.swift */,
			);
			path = Views;
			sourceTree = "<group>";
		};
/* End PBXGroup section */

/* Begin PBXNativeTarget section */
		334E43E52BE12853000C27F9 /* RickAndMorty */ = {
			isa = PBXNativeTarget;
			buildConfigurationList = 334E43F42BE12854000C27F9 /* Build configuration list for PBXNativeTarget "RickAndMorty" */;
			buildPhases = (
				334E43E22BE12853000C27F9 /* Sources */,
				334E43E32BE12853000C27F9 /* Frameworks */,
				334E43E42BE12853000C27F9 /* Resources */,
				334E44302BE29E6C000C27F9 /* Embed Frameworks */,
			);
			buildRules = (
			);
			dependencies = (
			);
			name = RickAndMorty;
			packageProductDependencies = (
				334E44332BE2A1C0000C27F9 /* Nuke */,
				334E44352BE2A1C0000C27F9 /* NukeUI */,
				334E443A2BE2A27C000C27F9 /* RealmSwift */,
			);
			productName = RickAndMorty;
			productReference = 334E43E62BE12853000C27F9 /* RickAndMorty.app */;
			productType = "com.apple.product-type.application";
		};
/* End PBXNativeTarget section */

/* Begin PBXProject section */
		334E43DE2BE12853000C27F9 /* Project object */ = {
			isa = PBXProject;
			attributes = {
				BuildIndependentTargetsInParallel = 1;
				LastSwiftUpdateCheck = 1530;
				LastUpgradeCheck = 1530;
				TargetAttributes = {
					334E43E52BE12853000C27F9 = {
						CreatedOnToolsVersion = 15.3;
					};
				};
			};
			buildConfigurationList = 334E43E12BE12853000C27F9 /* Build configuration list for PBXProject "RickAndMorty" */;
			compatibilityVersion = "Xcode 14.0";
			developmentRegion = en;
			hasScannedForEncodings = 0;
			knownRegions = (
				en,
				Base,
			);
			mainGroup = 334E43DD2BE12853000C27F9;
			packageReferences = (
				334E44322BE2A1C0000C27F9 /* XCRemoteSwiftPackageReference "Nuke" */,
				334E44372BE2A27C000C27F9 /* XCRemoteSwiftPackageReference "realm-swift" */,
			);
			productRefGroup = 334E43E72BE12853000C27F9 /* Products */;
			projectDirPath = "";
			projectRoot = "";
			targets = (
				334E43E52BE12853000C27F9 /* RickAndMorty */,
			);
		};
/* End PBXProject section */

/* Begin PBXResourcesBuildPhase section */
		334E43E42BE12853000C27F9 /* Resources */ = {
			isa = PBXResourcesBuildPhase;
			buildActionMask = 2147483647;
			files = (
				334E43F12BE12854000C27F9 /* Preview Assets.xcassets in Resources */,
				334E43EE2BE12854000C27F9 /* Assets.xcassets in Resources */,
				33C7C3022BE3BD6D005B1A9C /* Notes.md in Resources */,
			);
			runOnlyForDeploymentPostprocessing = 0;
		};
/* End PBXResourcesBuildPhase section */

/* Begin PBXSourcesBuildPhase section */
		334E43E22BE12853000C27F9 /* Sources */ = {
			isa = PBXSourcesBuildPhase;
			buildActionMask = 2147483647;
			files = (
				334E44232BE13AB3000C27F9 /* CharactersListViewModel.swift in Sources */,
				334E44282BE28400000C27F9 /* CharacterDetailView.swift in Sources */,
				334E441F2BE13A8A000C27F9 /* CharactersList.swift in Sources */,
				33C7C3002BE39685005B1A9C /* ListItemView.swift in Sources */,
				334E43EA2BE12853000C27F9 /* RickAndMortyApp.swift in Sources */,
				334E44112BE132A5000C27F9 /* RaMCharacter.swift in Sources */,
				334E441D2BE134C8000C27F9 /* NetworkService.swift in Sources */,
			);
			runOnlyForDeploymentPostprocessing = 0;
		};
/* End PBXSourcesBuildPhase section */

/* Begin XCBuildConfiguration section */
		334E43F22BE12854000C27F9 /* Debug */ = {
			isa = XCBuildConfiguration;
			buildSettings = {
				ALWAYS_SEARCH_USER_PATHS = NO;
				ASSETCATALOG_COMPILER_GENERATE_SWIFT_ASSET_SYMBOL_EXTENSIONS = YES;
				CLANG_ANALYZER_NONNULL = YES;
				CLANG_ANALYZER_NUMBER_OBJECT_CONVERSION = YES_AGGRESSIVE;
				CLANG_CXX_LANGUAGE_STANDARD = "gnu++20";
				CLANG_ENABLE_MODULES = YES;
				CLANG_ENABLE_OBJC_ARC = YES;
				CLANG_ENABLE_OBJC_WEAK = YES;
				CLANG_WARN_BLOCK_CAPTURE_AUTORELEASING = YES;
				CLANG_WARN_BOOL_CONVERSION = YES;
				CLANG_WARN_COMMA = YES;
				CLANG_WARN_CONSTANT_CONVERSION = YES;
				CLANG_WARN_DEPRECATED_OBJC_IMPLEMENTATIONS = YES;
				CLANG_WARN_DIRECT_OBJC_ISA_USAGE = YES_ERROR;
				CLANG_WARN_DOCUMENTATION_COMMENTS = YES;
				CLANG_WARN_EMPTY_BODY = YES;
				CLANG_WARN_ENUM_CONVERSION = YES;
				CLANG_WARN_INFINITE_RECURSION = YES;
				CLANG_WARN_INT_CONVERSION = YES;
				CLANG_WARN_NON_LITERAL_NULL_CONVERSION = YES;
				CLANG_WARN_OBJC_IMPLICIT_RETAIN_SELF = YES;
				CLANG_WARN_OBJC_LITERAL_CONVERSION = YES;
				CLANG_WARN_OBJC_ROOT_CLASS = YES_ERROR;
				CLANG_WARN_QUOTED_INCLUDE_IN_FRAMEWORK_HEADER = YES;
				CLANG_WARN_RANGE_LOOP_ANALYSIS = YES;
				CLANG_WARN_STRICT_PROTOTYPES = YES;
				CLANG_WARN_SUSPICIOUS_MOVE = YES;
				CLANG_WARN_UNGUARDED_AVAILABILITY = YES_AGGRESSIVE;
				CLANG_WARN_UNREACHABLE_CODE = YES;
				CLANG_WARN__DUPLICATE_METHOD_MATCH = YES;
				COPY_PHASE_STRIP = NO;
				DEBUG_INFORMATION_FORMAT = dwarf;
				ENABLE_STRICT_OBJC_MSGSEND = YES;
				ENABLE_TESTABILITY = YES;
				ENABLE_USER_SCRIPT_SANDBOXING = YES;
				GCC_C_LANGUAGE_STANDARD = gnu17;
				GCC_DYNAMIC_NO_PIC = NO;
				GCC_NO_COMMON_BLOCKS = YES;
				GCC_OPTIMIZATION_LEVEL = 0;
				GCC_PREPROCESSOR_DEFINITIONS = (
					"DEBUG=1",
					"$(inherited)",
				);
				GCC_WARN_64_TO_32_BIT_CONVERSION = YES;
				GCC_WARN_ABOUT_RETURN_TYPE = YES_ERROR;
				GCC_WARN_UNDECLARED_SELECTOR = YES;
				GCC_WARN_UNINITIALIZED_AUTOS = YES_AGGRESSIVE;
				GCC_WARN_UNUSED_FUNCTION = YES;
				GCC_WARN_UNUSED_VARIABLE = YES;
				IPHONEOS_DEPLOYMENT_TARGET = 15.0;
				LOCALIZATION_PREFERS_STRING_CATALOGS = YES;
				MTL_ENABLE_DEBUG_INFO = INCLUDE_SOURCE;
				MTL_FAST_MATH = YES;
				ONLY_ACTIVE_ARCH = YES;
				SDKROOT = iphoneos;
				SWIFT_ACTIVE_COMPILATION_CONDITIONS = "DEBUG $(inherited)";
				SWIFT_OPTIMIZATION_LEVEL = "-Onone";
			};
			name = Debug;
		};
		334E43F32BE12854000C27F9 /* Release */ = {
			isa = XCBuildConfiguration;
			buildSettings = {
				ALWAYS_SEARCH_USER_PATHS = NO;
				ASSETCATALOG_COMPILER_GENERATE_SWIFT_ASSET_SYMBOL_EXTENSIONS = YES;
				CLANG_ANALYZER_NONNULL = YES;
				CLANG_ANALYZER_NUMBER_OBJECT_CONVERSION = YES_AGGRESSIVE;
				CLANG_CXX_LANGUAGE_STANDARD = "gnu++20";
				CLANG_ENABLE_MODULES = YES;
				CLANG_ENABLE_OBJC_ARC = YES;
				CLANG_ENABLE_OBJC_WEAK = YES;
				CLANG_WARN_BLOCK_CAPTURE_AUTORELEASING = YES;
				CLANG_WARN_BOOL_CONVERSION = YES;
				CLANG_WARN_COMMA = YES;
				CLANG_WARN_CONSTANT_CONVERSION = YES;
				CLANG_WARN_DEPRECATED_OBJC_IMPLEMENTATIONS = YES;
				CLANG_WARN_DIRECT_OBJC_ISA_USAGE = YES_ERROR;
				CLANG_WARN_DOCUMENTATION_COMMENTS = YES;
				CLANG_WARN_EMPTY_BODY = YES;
				CLANG_WARN_ENUM_CONVERSION = YES;
				CLANG_WARN_INFINITE_RECURSION = YES;
				CLANG_WARN_INT_CONVERSION = YES;
				CLANG_WARN_NON_LITERAL_NULL_CONVERSION = YES;
				CLANG_WARN_OBJC_IMPLICIT_RETAIN_SELF = YES;
				CLANG_WARN_OBJC_LITERAL_CONVERSION = YES;
				CLANG_WARN_OBJC_ROOT_CLASS = YES_ERROR;
				CLANG_WARN_QUOTED_INCLUDE_IN_FRAMEWORK_HEADER = YES;
				CLANG_WARN_RANGE_LOOP_ANALYSIS = YES;
				CLANG_WARN_STRICT_PROTOTYPES = YES;
				CLANG_WARN_SUSPICIOUS_MOVE = YES;
				CLANG_WARN_UNGUARDED_AVAILABILITY = YES_AGGRESSIVE;
				CLANG_WARN_UNREACHABLE_CODE = YES;
				CLANG_WARN__DUPLICATE_METHOD_MATCH = YES;
				COPY_PHASE_STRIP = NO;
				DEBUG_INFORMATION_FORMAT = "dwarf-with-dsym";
				ENABLE_NS_ASSERTIONS = NO;
				ENABLE_STRICT_OBJC_MSGSEND = YES;
				ENABLE_USER_SCRIPT_SANDBOXING = YES;
				GCC_C_LANGUAGE_STANDARD = gnu17;
				GCC_NO_COMMON_BLOCKS = YES;
				GCC_WARN_64_TO_32_BIT_CONVERSION = YES;
				GCC_WARN_ABOUT_RETURN_TYPE = YES_ERROR;
				GCC_WARN_UNDECLARED_SELECTOR = YES;
				GCC_WARN_UNINITIALIZED_AUTOS = YES_AGGRESSIVE;
				GCC_WARN_UNUSED_FUNCTION = YES;
				GCC_WARN_UNUSED_VARIABLE = YES;
				IPHONEOS_DEPLOYMENT_TARGET = 15.0;
				LOCALIZATION_PREFERS_STRING_CATALOGS = YES;
				MTL_ENABLE_DEBUG_INFO = NO;
				MTL_FAST_MATH = YES;
				SDKROOT = iphoneos;
				SWIFT_COMPILATION_MODE = wholemodule;
				VALIDATE_PRODUCT = YES;
			};
			name = Release;
		};
		334E43F52BE12854000C27F9 /* Debug */ = {
			isa = XCBuildConfiguration;
			buildSettings = {
				ASSETCATALOG_COMPILER_APPICON_NAME = AppIcon;
				ASSETCATALOG_COMPILER_GLOBAL_ACCENT_COLOR_NAME = AccentColor;
				CODE_SIGN_STYLE = Automatic;
				CURRENT_PROJECT_VERSION = 1;
				DEVELOPMENT_ASSET_PATHS = "\"RickAndMorty/Preview Content\"";
				DEVELOPMENT_TEAM = XLU2FG77RT;
				ENABLE_PREVIEWS = YES;
				GENERATE_INFOPLIST_FILE = YES;
				INFOPLIST_KEY_UIApplicationSceneManifest_Generation = YES;
				INFOPLIST_KEY_UIApplicationSupportsIndirectInputEvents = YES;
				INFOPLIST_KEY_UILaunchScreen_Generation = YES;
				INFOPLIST_KEY_UISupportedInterfaceOrientations_iPad = "UIInterfaceOrientationPortrait UIInterfaceOrientationPortraitUpsideDown UIInterfaceOrientationLandscapeLeft UIInterfaceOrientationLandscapeRight";
				INFOPLIST_KEY_UISupportedInterfaceOrientations_iPhone = "UIInterfaceOrientationPortrait UIInterfaceOrientationLandscapeLeft UIInterfaceOrientationLandscapeRight";
				LD_RUNPATH_SEARCH_PATHS = (
					"$(inherited)",
					"@executable_path/Frameworks",
				);
				MARKETING_VERSION = 1.0;
				PRODUCT_BUNDLE_IDENTIFIER = metamorfozi.RickAndMorty;
				PRODUCT_NAME = "$(TARGET_NAME)";
				SWIFT_EMIT_LOC_STRINGS = YES;
				SWIFT_VERSION = 5.0;
				TARGETED_DEVICE_FAMILY = "1,2";
			};
			name = Debug;
		};
		334E43F62BE12854000C27F9 /* Release */ = {
			isa = XCBuildConfiguration;
			buildSettings = {
				ASSETCATALOG_COMPILER_APPICON_NAME = AppIcon;
				ASSETCATALOG_COMPILER_GLOBAL_ACCENT_COLOR_NAME = AccentColor;
				CODE_SIGN_STYLE = Automatic;
				CURRENT_PROJECT_VERSION = 1;
				DEVELOPMENT_ASSET_PATHS = "\"RickAndMorty/Preview Content\"";
				DEVELOPMENT_TEAM = XLU2FG77RT;
				ENABLE_PREVIEWS = YES;
				GENERATE_INFOPLIST_FILE = YES;
				INFOPLIST_KEY_UIApplicationSceneManifest_Generation = YES;
				INFOPLIST_KEY_UIApplicationSupportsIndirectInputEvents = YES;
				INFOPLIST_KEY_UILaunchScreen_Generation = YES;
				INFOPLIST_KEY_UISupportedInterfaceOrientations_iPad = "UIInterfaceOrientationPortrait UIInterfaceOrientationPortraitUpsideDown UIInterfaceOrientationLandscapeLeft UIInterfaceOrientationLandscapeRight";
				INFOPLIST_KEY_UISupportedInterfaceOrientations_iPhone = "UIInterfaceOrientationPortrait UIInterfaceOrientationLandscapeLeft UIInterfaceOrientationLandscapeRight";
				LD_RUNPATH_SEARCH_PATHS = (
					"$(inherited)",
					"@executable_path/Frameworks",
				);
				MARKETING_VERSION = 1.0;
				PRODUCT_BUNDLE_IDENTIFIER = metamorfozi.RickAndMorty;
				PRODUCT_NAME = "$(TARGET_NAME)";
				SWIFT_EMIT_LOC_STRINGS = YES;
				SWIFT_VERSION = 5.0;
				TARGETED_DEVICE_FAMILY = "1,2";
			};
			name = Release;
		};
/* End XCBuildConfiguration section */

/* Begin XCConfigurationList section */
		334E43E12BE12853000C27F9 /* Build configuration list for PBXProject "RickAndMorty" */ = {
			isa = XCConfigurationList;
			buildConfigurations = (
				334E43F22BE12854000C27F9 /* Debug */,
				334E43F32BE12854000C27F9 /* Release */,
			);
			defaultConfigurationIsVisible = 0;
			defaultConfigurationName = Release;
		};
		334E43F42BE12854000C27F9 /* Build configuration list for PBXNativeTarget "RickAndMorty" */ = {
			isa = XCConfigurationList;
			buildConfigurations = (
				334E43F52BE12854000C27F9 /* Debug */,
				334E43F62BE12854000C27F9 /* Release */,
			);
			defaultConfigurationIsVisible = 0;
			defaultConfigurationName = Release;
		};
/* End XCConfigurationList section */

/* Begin XCRemoteSwiftPackageReference section */
		334E44322BE2A1C0000C27F9 /* XCRemoteSwiftPackageReference "Nuke" */ = {
			isa = XCRemoteSwiftPackageReference;
			repositoryURL = "https://github.com/kean/Nuke.git";
			requirement = {
				kind = upToNextMajorVersion;
				minimumVersion = 12.6.0;
			};
		};
		334E44372BE2A27C000C27F9 /* XCRemoteSwiftPackageReference "realm-swift" */ = {
			isa = XCRemoteSwiftPackageReference;
			repositoryURL = "https://github.com/realm/realm-swift.git";
			requirement = {
				kind = upToNextMajorVersion;
				minimumVersion = 10.49.3;
			};
		};
/* End XCRemoteSwiftPackageReference section */

/* Begin XCSwiftPackageProductDependency section */
		334E44332BE2A1C0000C27F9 /* Nuke */ = {
			isa = XCSwiftPackageProductDependency;
			package = 334E44322BE2A1C0000C27F9 /* XCRemoteSwiftPackageReference "Nuke" */;
			productName = Nuke;
		};
		334E44352BE2A1C0000C27F9 /* NukeUI */ = {
			isa = XCSwiftPackageProductDependency;
			package = 334E44322BE2A1C0000C27F9 /* XCRemoteSwiftPackageReference "Nuke" */;
			productName = NukeUI;
		};
		334E443A2BE2A27C000C27F9 /* RealmSwift */ = {
			isa = XCSwiftPackageProductDependency;
			package = 334E44372BE2A27C000C27F9 /* XCRemoteSwiftPackageReference "realm-swift" */;
			productName = RealmSwift;
		};
/* End XCSwiftPackageProductDependency section */
	};
	rootObject = 334E43DE2BE12853000C27F9 /* Project object */;
}
